// !$*UTF8*$!
{
	archiveVersion = 1;
	classes = {
	};
	objectVersion = 48;
	objects = {

/* Begin PBXBuildFile section */
		2805704B1F7CCA0E00793DD2 /* AppDelegate.m in Sources */ = {isa = PBXBuildFile; fileRef = 2805704A1F7CCA0E00793DD2 /* AppDelegate.m */; };
		2805704E1F7CCA0E00793DD2 /* ViewController.m in Sources */ = {isa = PBXBuildFile; fileRef = 2805704D1F7CCA0E00793DD2 /* ViewController.m */; };
		280570511F7CCA0E00793DD2 /* Main.storyboard in Resources */ = {isa = PBXBuildFile; fileRef = 2805704F1F7CCA0E00793DD2 /* Main.storyboard */; };
		280570531F7CCA0E00793DD2 /* Assets.xcassets in Resources */ = {isa = PBXBuildFile; fileRef = 280570521F7CCA0E00793DD2 /* Assets.xcassets */; };
		280570561F7CCA0E00793DD2 /* LaunchScreen.storyboard in Resources */ = {isa = PBXBuildFile; fileRef = 280570541F7CCA0E00793DD2 /* LaunchScreen.storyboard */; };
		280570591F7CCA0E00793DD2 /* main.m in Sources */ = {isa = PBXBuildFile; fileRef = 280570581F7CCA0E00793DD2 /* main.m */; };
		280570631F7CCA0E00793DD2 /* One_L170928Tests.m in Sources */ = {isa = PBXBuildFile; fileRef = 280570621F7CCA0E00793DD2 /* One_L170928Tests.m */; };
		2805706E1F7CCA0E00793DD2 /* One_L170928UITests.m in Sources */ = {isa = PBXBuildFile; fileRef = 2805706D1F7CCA0E00793DD2 /* One_L170928UITests.m */; };
/* End PBXBuildFile section */

/* Begin PBXContainerItemProxy section */
		2805705F1F7CCA0E00793DD2 /* PBXContainerItemProxy */ = {
			isa = PBXContainerItemProxy;
			containerPortal = 2805703E1F7CCA0E00793DD2 /* Project object */;
			proxyType = 1;
			remoteGlobalIDString = 280570451F7CCA0E00793DD2;
			remoteInfo = One_L170928;
		};
		2805706A1F7CCA0E00793DD2 /* PBXContainerItemProxy */ = {
			isa = PBXContainerItemProxy;
			containerPortal = 2805703E1F7CCA0E00793DD2 /* Project object */;
			proxyType = 1;
			remoteGlobalIDString = 280570451F7CCA0E00793DD2;
			remoteInfo = One_L170928;
		};
/* End PBXContainerItemProxy section */

/* Begin PBXFileReference section */
		280570461F7CCA0E00793DD2 /* One_L170928.app */ = {isa = PBXFileReference; explicitFileType = wrapper.application; includeInIndex = 0; path = One_L170928.app; sourceTree = BUILT_PRODUCTS_DIR; };
		280570491F7CCA0E00793DD2 /* AppDelegate.h */ = {isa = PBXFileReference; lastKnownFileType = sourcecode.c.h; path = AppDelegate.h; sourceTree = "<group>"; };
		2805704A1F7CCA0E00793DD2 /* AppDelegate.m */ = {isa = PBXFileReference; lastKnownFileType = sourcecode.c.objc; path = AppDelegate.m; sourceTree = "<group>"; };
		2805704C1F7CCA0E00793DD2 /* ViewController.h */ = {isa = PBXFileReference; lastKnownFileType = sourcecode.c.h; path = ViewController.h; sourceTree = "<group>"; };
		2805704D1F7CCA0E00793DD2 /* ViewController.m */ = {isa = PBXFileReference; lastKnownFileType = sourcecode.c.objc; path = ViewController.m; sourceTree = "<group>"; };
		280570501F7CCA0E00793DD2 /* Base */ = {isa = PBXFileReference; lastKnownFileType = file.storyboard; name = Base; path = Base.lproj/Main.storyboard; sourceTree = "<group>"; };
		280570521F7CCA0E00793DD2 /* Assets.xcassets */ = {isa = PBXFileReference; lastKnownFileType = folder.assetcatalog; path = Assets.xcassets; sourceTree = "<group>"; };
		280570551F7CCA0E00793DD2 /* Base */ = {isa = PBXFileReference; lastKnownFileType = file.storyboard; name = Base; path = Base.lproj/LaunchScreen.storyboard; sourceTree = "<group>"; };
		280570571F7CCA0E00793DD2 /* Info.plist */ = {isa = PBXFileReference; lastKnownFileType = text.plist.xml; path = Info.plist; sourceTree = "<group>"; };
		280570581F7CCA0E00793DD2 /* main.m */ = {isa = PBXFileReference; lastKnownFileType = sourcecode.c.objc; path = main.m; sourceTree = "<group>"; };
		2805705E1F7CCA0E00793DD2 /* One_L170928Tests.xctest */ = {isa = PBXFileReference; explicitFileType = wrapper.cfbundle; includeInIndex = 0; path = One_L170928Tests.xctest; sourceTree = BUILT_PRODUCTS_DIR; };
		280570621F7CCA0E00793DD2 /* One_L170928Tests.m */ = {isa = PBXFileReference; lastKnownFileType = sourcecode.c.objc; path = One_L170928Tests.m; sourceTree = "<group>"; };
		280570641F7CCA0E00793DD2 /* Info.plist */ = {isa = PBXFileReference; lastKnownFileType = text.plist.xml; path = Info.plist; sourceTree = "<group>"; };
		280570691F7CCA0E00793DD2 /* One_L170928UITests.xctest */ = {isa = PBXFileReference; explicitFileType = wrapper.cfbundle; includeInIndex = 0; path = One_L170928UITests.xctest; sourceTree = BUILT_PRODUCTS_DIR; };
		2805706D1F7CCA0E00793DD2 /* One_L170928UITests.m */ = {isa = PBXFileReference; lastKnownFileType = sourcecode.c.objc; path = One_L170928UITests.m; sourceTree = "<group>"; };
		2805706F1F7CCA0E00793DD2 /* Info.plist */ = {isa = PBXFileReference; lastKnownFileType = text.plist.xml; path = Info.plist; sourceTree = "<group>"; };
/* End PBXFileReference section */

/* Begin PBXFrameworksBuildPhase section */
		280570431F7CCA0E00793DD2 /* Frameworks */ = {
			isa = PBXFrameworksBuildPhase;
			buildActionMask = 2147483647;
			files = (
			);
			runOnlyForDeploymentPostprocessing = 0;
		};
		2805705B1F7CCA0E00793DD2 /* Frameworks */ = {
			isa = PBXFrameworksBuildPhase;
			buildActionMask = 2147483647;
			files = (
			);
			runOnlyForDeploymentPostprocessing = 0;
		};
		280570661F7CCA0E00793DD2 /* Frameworks */ = {
			isa = PBXFrameworksBuildPhase;
			buildActionMask = 2147483647;
			files = (
			);
			runOnlyForDeploymentPostprocessing = 0;
		};
/* End PBXFrameworksBuildPhase section */

/* Begin PBXGroup section */
		2805703D1F7CCA0E00793DD2 = {
			isa = PBXGroup;
			children = (
				280570481F7CCA0E00793DD2 /* One_L170928 */,
				280570611F7CCA0E00793DD2 /* One_L170928Tests */,
				2805706C1F7CCA0E00793DD2 /* One_L170928UITests */,
				280570471F7CCA0E00793DD2 /* Products */,
			);
			sourceTree = "<group>";
		};
		280570471F7CCA0E00793DD2 /* Products */ = {
			isa = PBXGroup;
			children = (
				280570461F7CCA0E00793DD2 /* One_L170928.app */,
				2805705E1F7CCA0E00793DD2 /* One_L170928Tests.xctest */,
				280570691F7CCA0E00793DD2 /* One_L170928UITests.xctest */,
			);
			name = Products;
			sourceTree = "<group>";
		};
		280570481F7CCA0E00793DD2 /* One_L170928 */ = {
			isa = PBXGroup;
			children = (
				280570491F7CCA0E00793DD2 /* AppDelegate.h */,
				2805704A1F7CCA0E00793DD2 /* AppDelegate.m */,
				2805704C1F7CCA0E00793DD2 /* ViewController.h */,
				2805704D1F7CCA0E00793DD2 /* ViewController.m */,
				2805704F1F7CCA0E00793DD2 /* Main.storyboard */,
				280570521F7CCA0E00793DD2 /* Assets.xcassets */,
				280570541F7CCA0E00793DD2 /* LaunchScreen.storyboard */,
				280570571F7CCA0E00793DD2 /* Info.plist */,
				280570581F7CCA0E00793DD2 /* main.m */,
			);
			path = One_L170928;
			sourceTree = "<group>";
		};
		280570611F7CCA0E00793DD2 /* One_L170928Tests */ = {
			isa = PBXGroup;
			children = (
				280570621F7CCA0E00793DD2 /* One_L170928Tests.m */,
				280570641F7CCA0E00793DD2 /* Info.plist */,
			);
			path = One_L170928Tests;
			sourceTree = "<group>";
		};
		2805706C1F7CCA0E00793DD2 /* One_L170928UITests */ = {
			isa = PBXGroup;
			children = (
				2805706D1F7CCA0E00793DD2 /* One_L170928UITests.m */,
				2805706F1F7CCA0E00793DD2 /* Info.plist */,
			);
			path = One_L170928UITests;
			sourceTree = "<group>";
		};
/* End PBXGroup section */

/* Begin PBXNativeTarget section */
		280570451F7CCA0E00793DD2 /* One_L170928 */ = {
			isa = PBXNativeTarget;
			buildConfigurationList = 280570721F7CCA0E00793DD2 /* Build configuration list for PBXNativeTarget "One_L170928" */;
			buildPhases = (
				280570421F7CCA0E00793DD2 /* Sources */,
				280570431F7CCA0E00793DD2 /* Frameworks */,
				280570441F7CCA0E00793DD2 /* Resources */,
			);
			buildRules = (
			);
			dependencies = (
			);
			name = One_L170928;
			productName = One_L170928;
			productReference = 280570461F7CCA0E00793DD2 /* One_L170928.app */;
			productType = "com.apple.product-type.application";
		};
		2805705D1F7CCA0E00793DD2 /* One_L170928Tests */ = {
			isa = PBXNativeTarget;
			buildConfigurationList = 280570751F7CCA0E00793DD2 /* Build configuration list for PBXNativeTarget "One_L170928Tests" */;
			buildPhases = (
				2805705A1F7CCA0E00793DD2 /* Sources */,
				2805705B1F7CCA0E00793DD2 /* Frameworks */,
				2805705C1F7CCA0E00793DD2 /* Resources */,
			);
			buildRules = (
			);
			dependencies = (
				280570601F7CCA0E00793DD2 /* PBXTargetDependency */,
			);
			name = One_L170928Tests;
			productName = One_L170928Tests;
			productReference = 2805705E1F7CCA0E00793DD2 /* One_L170928Tests.xctest */;
			productType = "com.apple.product-type.bundle.unit-test";
		};
		280570681F7CCA0E00793DD2 /* One_L170928UITests */ = {
			isa = PBXNativeTarget;
			buildConfigurationList = 280570781F7CCA0E00793DD2 /* Build configuration list for PBXNativeTarget "One_L170928UITests" */;
			buildPhases = (
				280570651F7CCA0E00793DD2 /* Sources */,
				280570661F7CCA0E00793DD2 /* Frameworks */,
				280570671F7CCA0E00793DD2 /* Resources */,
			);
			buildRules = (
			);
			dependencies = (
				2805706B1F7CCA0E00793DD2 /* PBXTargetDependency */,
			);
			name = One_L170928UITests;
			productName = One_L170928UITests;
			productReference = 280570691F7CCA0E00793DD2 /* One_L170928UITests.xctest */;
			productType = "com.apple.product-type.bundle.ui-testing";
		};
/* End PBXNativeTarget section */

/* Begin PBXProject section */
		2805703E1F7CCA0E00793DD2 /* Project object */ = {
			isa = PBXProject;
			attributes = {
				LastUpgradeCheck = 0900;
				ORGANIZATIONNAME = LinYan;
				TargetAttributes = {
					280570451F7CCA0E00793DD2 = {
						CreatedOnToolsVersion = 9.0;
						ProvisioningStyle = Automatic;
					};
					2805705D1F7CCA0E00793DD2 = {
						CreatedOnToolsVersion = 9.0;
						ProvisioningStyle = Automatic;
						TestTargetID = 280570451F7CCA0E00793DD2;
					};
					280570681F7CCA0E00793DD2 = {
						CreatedOnToolsVersion = 9.0;
						ProvisioningStyle = Automatic;
						TestTargetID = 280570451F7CCA0E00793DD2;
					};
				};
			};
			buildConfigurationList = 280570411F7CCA0E00793DD2 /* Build configuration list for PBXProject "One_L170928" */;
			compatibilityVersion = "Xcode 8.0";
			developmentRegion = en;
			hasScannedForEncodings = 0;
			knownRegions = (
				en,
				Base,
			);
			mainGroup = 2805703D1F7CCA0E00793DD2;
			productRefGroup = 280570471F7CCA0E00793DD2 /* Products */;
			projectDirPath = "";
			projectRoot = "";
			targets = (
				280570451F7CCA0E00793DD2 /* One_L170928 */,
				2805705D1F7CCA0E00793DD2 /* One_L170928Tests */,
				280570681F7CCA0E00793DD2 /* One_L170928UITests */,
			);
		};
/* End PBXProject section */

/* Begin PBXResourcesBuildPhase section */
		280570441F7CCA0E00793DD2 /* Resources */ = {
			isa = PBXResourcesBuildPhase;
			buildActionMask = 2147483647;
			files = (
				280570561F7CCA0E00793DD2 /* LaunchScreen.storyboard in Resources */,
				280570531F7CCA0E00793DD2 /* Assets.xcassets in Resources */,
				280570511F7CCA0E00793DD2 /* Main.storyboard in Resources */,
			);
			runOnlyForDeploymentPostprocessing = 0;
		};
		2805705C1F7CCA0E00793DD2 /* Resources */ = {
			isa = PBXResourcesBuildPhase;
			buildActionMask = 2147483647;
			files = (
			);
			runOnlyForDeploymentPostprocessing = 0;
		};
		280570671F7CCA0E00793DD2 /* Resources */ = {
			isa = PBXResourcesBuildPhase;
			buildActionMask = 2147483647;
			files = (
			);
			runOnlyForDeploymentPostprocessing = 0;
		};
/* End PBXResourcesBuildPhase section */

/* Begin PBXSourcesBuildPhase section */
		280570421F7CCA0E00793DD2 /* Sources */ = {
			isa = PBXSourcesBuildPhase;
			buildActionMask = 2147483647;
			files = (
				2805704E1F7CCA0E00793DD2 /* ViewController.m in Sources */,
				280570591F7CCA0E00793DD2 /* main.m in Sources */,
				2805704B1F7CCA0E00793DD2 /* AppDelegate.m in Sources */,
			);
			runOnlyForDeploymentPostprocessing = 0;
		};
		2805705A1F7CCA0E00793DD2 /* Sources */ = {
			isa = PBXSourcesBuildPhase;
			buildActionMask = 2147483647;
			files = (
				280570631F7CCA0E00793DD2 /* One_L170928Tests.m in Sources */,
			);
			runOnlyForDeploymentPostprocessing = 0;
		};
		280570651F7CCA0E00793DD2 /* Sources */ = {
			isa = PBXSourcesBuildPhase;
			buildActionMask = 2147483647;
			files = (
				2805706E1F7CCA0E00793DD2 /* One_L170928UITests.m in Sources */,
			);
			runOnlyForDeploymentPostprocessing = 0;
		};
/* End PBXSourcesBuildPhase section */

/* Begin PBXTargetDependency section */
		280570601F7CCA0E00793DD2 /* PBXTargetDependency */ = {
			isa = PBXTargetDependency;
			target = 280570451F7CCA0E00793DD2 /* One_L170928 */;
			targetProxy = 2805705F1F7CCA0E00793DD2 /* PBXContainerItemProxy */;
		};
		2805706B1F7CCA0E00793DD2 /* PBXTargetDependency */ = {
			isa = PBXTargetDependency;
			target = 280570451F7CCA0E00793DD2 /* One_L170928 */;
			targetProxy = 2805706A1F7CCA0E00793DD2 /* PBXContainerItemProxy */;
		};
/* End PBXTargetDependency section */

/* Begin PBXVariantGroup section */
		2805704F1F7CCA0E00793DD2 /* Main.storyboard */ = {
			isa = PBXVariantGroup;
			children = (
				280570501F7CCA0E00793DD2 /* Base */,
			);
			name = Main.storyboard;
			sourceTree = "<group>";
		};
		280570541F7CCA0E00793DD2 /* LaunchScreen.storyboard */ = {
			isa = PBXVariantGroup;
			children = (
				280570551F7CCA0E00793DD2 /* Base */,
			);
			name = LaunchScreen.storyboard;
			sourceTree = "<group>";
		};
/* End PBXVariantGroup section */

/* Begin XCBuildConfiguration section */
		280570701F7CCA0E00793DD2 /* Debug */ = {
			isa = XCBuildConfiguration;
			buildSettings = {
				ALWAYS_SEARCH_USER_PATHS = NO;
				CLANG_ANALYZER_NONNULL = YES;
				CLANG_ANALYZER_NUMBER_OBJECT_CONVERSION = YES_AGGRESSIVE;
				CLANG_CXX_LANGUAGE_STANDARD = "gnu++14";
				CLANG_CXX_LIBRARY = "libc++";
				CLANG_ENABLE_MODULES = YES;
				CLANG_ENABLE_OBJC_ARC = YES;
				CLANG_WARN_BLOCK_CAPTURE_AUTORELEASING = YES;
				CLANG_WARN_BOOL_CONVERSION = YES;
				CLANG_WARN_COMMA = YES;
				CLANG_WARN_CONSTANT_CONVERSION = YES;
				CLANG_WARN_DIRECT_OBJC_ISA_USAGE = YES_ERROR;
				CLANG_WARN_DOCUMENTATION_COMMENTS = YES;
				CLANG_WARN_EMPTY_BODY = YES;
				CLANG_WARN_ENUM_CONVERSION = YES;
				CLANG_WARN_INFINITE_RECURSION = YES;
				CLANG_WARN_INT_CONVERSION = YES;
				CLANG_WARN_NON_LITERAL_NULL_CONVERSION = YES;
				CLANG_WARN_OBJC_LITERAL_CONVERSION = YES;
				CLANG_WARN_OBJC_ROOT_CLASS = YES_ERROR;
				CLANG_WARN_RANGE_LOOP_ANALYSIS = YES;
				CLANG_WARN_STRICT_PROTOTYPES = YES;
				CLANG_WARN_SUSPICIOUS_MOVE = YES;
				CLANG_WARN_UNGUARDED_AVAILABILITY = YES_AGGRESSIVE;
				CLANG_WARN_UNREACHABLE_CODE = YES;
				CLANG_WARN__DUPLICATE_METHOD_MATCH = YES;
				CODE_SIGN_IDENTITY = "iPhone Developer";
				COPY_PHASE_STRIP = NO;
				DEBUG_INFORMATION_FORMAT = dwarf;
				ENABLE_STRICT_OBJC_MSGSEND = YES;
				ENABLE_TESTABILITY = YES;
				GCC_C_LANGUAGE_STANDARD = gnu11;
				GCC_DYNAMIC_NO_PIC = NO;
				GCC_NO_COMMON_BLOCKS = YES;
				GCC_OPTIMIZATION_LEVEL = 0;
				GCC_PREPROCESSOR_DEFINITIONS = (
					"DEBUG=1",
					"$(inherited)",
				);
				GCC_WARN_64_TO_32_BIT_CONVERSION = YES;
				GCC_WARN_ABOUT_RETURN_TYPE = YES_ERROR;
				GCC_WARN_UNDECLARED_SELECTOR = YES;
				GCC_WARN_UNINITIALIZED_AUTOS = YES_AGGRESSIVE;
				GCC_WARN_UNUSED_FUNCTION = YES;
				GCC_WARN_UNUSED_VARIABLE = YES;
				IPHONEOS_DEPLOYMENT_TARGET = 11.0;
				MTL_ENABLE_DEBUG_INFO = YES;
				ONLY_ACTIVE_ARCH = YES;
				SDKROOT = iphoneos;
			};
			name = Debug;
		};
		280570711F7CCA0E00793DD2 /* Release */ = {
			isa = XCBuildConfiguration;
			buildSettings = {
				ALWAYS_SEARCH_USER_PATHS = NO;
				CLANG_ANALYZER_NONNULL = YES;
				CLANG_ANALYZER_NUMBER_OBJECT_CONVERSION = YES_AGGRESSIVE;
				CLANG_CXX_LANGUAGE_STANDARD = "gnu++14";
				CLANG_CXX_LIBRARY = "libc++";
				CLANG_ENABLE_MODULES = YES;
				CLANG_ENABLE_OBJC_ARC = YES;
				CLANG_WARN_BLOCK_CAPTURE_AUTORELEASING = YES;
				CLANG_WARN_BOOL_CONVERSION = YES;
				CLANG_WARN_COMMA = YES;
				CLANG_WARN_CONSTANT_CONVERSION = YES;
				CLANG_WARN_DIRECT_OBJC_ISA_USAGE = YES_ERROR;
				CLANG_WARN_DOCUMENTATION_COMMENTS = YES;
				CLANG_WARN_EMPTY_BODY = YES;
				CLANG_WARN_ENUM_CONVERSION = YES;
				CLANG_WARN_INFINITE_RECURSION = YES;
				CLANG_WARN_INT_CONVERSION = YES;
				CLANG_WARN_NON_LITERAL_NULL_CONVERSION = YES;
				CLANG_WARN_OBJC_LITERAL_CONVERSION = YES;
				CLANG_WARN_OBJC_ROOT_CLASS = YES_ERROR;
				CLANG_WARN_RANGE_LOOP_ANALYSIS = YES;
				CLANG_WARN_STRICT_PROTOTYPES = YES;
				CLANG_WARN_SUSPICIOUS_MOVE = YES;
				CLANG_WARN_UNGUARDED_AVAILABILITY = YES_AGGRESSIVE;
				CLANG_WARN_UNREACHABLE_CODE = YES;
				CLANG_WARN__DUPLICATE_METHOD_MATCH = YES;
				CODE_SIGN_IDENTITY = "iPhone Developer";
				COPY_PHASE_STRIP = NO;
				DEBUG_INFORMATION_FORMAT = "dwarf-with-dsym";
				ENABLE_NS_ASSERTIONS = NO;
				ENABLE_STRICT_OBJC_MSGSEND = YES;
				GCC_C_LANGUAGE_STANDARD = gnu11;
				GCC_NO_COMMON_BLOCKS = YES;
				GCC_WARN_64_TO_32_BIT_CONVERSION = YES;
				GCC_WARN_ABOUT_RETURN_TYPE = YES_ERROR;
				GCC_WARN_UNDECLARED_SELECTOR = YES;
				GCC_WARN_UNINITIALIZED_AUTOS = YES_AGGRESSIVE;
				GCC_WARN_UNUSED_FUNCTION = YES;
				GCC_WARN_UNUSED_VARIABLE = YES;
				IPHONEOS_DEPLOYMENT_TARGET = 11.0;
				MTL_ENABLE_DEBUG_INFO = NO;
				SDKROOT = iphoneos;
				VALIDATE_PRODUCT = YES;
			};
			name = Release;
		};
		280570731F7CCA0E00793DD2 /* Debug */ = {
			isa = XCBuildConfiguration;
			buildSettings = {
				ASSETCATALOG_COMPILER_APPICON_NAME = AppIcon;
				CODE_SIGN_STYLE = Automatic;
				INFOPLIST_FILE = One_L170928/Info.plist;
				LD_RUNPATH_SEARCH_PATHS = "$(inherited) @executable_path/Frameworks";
				PRODUCT_BUNDLE_IDENTIFIER = "com.linyan.One-L170928";
				PRODUCT_NAME = "$(TARGET_NAME)";
				TARGETED_DEVICE_FAMILY = "1,2";
			};
			name = Debug;
		};
		280570741F7CCA0E00793DD2 /* Release */ = {
			isa = XCBuildConfiguration;
			buildSettings = {
				ASSETCATALOG_COMPILER_APPICON_NAME = AppIcon;
				CODE_SIGN_STYLE = Automatic;
				INFOPLIST_FILE = One_L170928/Info.plist;
				LD_RUNPATH_SEARCH_PATHS = "$(inherited) @executable_path/Frameworks";
				PRODUCT_BUNDLE_IDENTIFIER = "com.linyan.One-L170928";
				PRODUCT_NAME = "$(TARGET_NAME)";
				TARGETED_DEVICE_FAMILY = "1,2";
			};
			name = Release;
		};
		280570761F7CCA0E00793DD2 /* Debug */ = {
			isa = XCBuildConfiguration;
			buildSettings = {
				BUNDLE_LOADER = "$(TEST_HOST)";
				CODE_SIGN_STYLE = Automatic;
				INFOPLIST_FILE = One_L170928Tests/Info.plist;
				LD_RUNPATH_SEARCH_PATHS = "$(inherited) @executable_path/Frameworks @loader_path/Frameworks";
				PRODUCT_BUNDLE_IDENTIFIER = "com.linyan.One-L170928Tests";
				PRODUCT_NAME = "$(TARGET_NAME)";
				TARGETED_DEVICE_FAMILY = "1,2";
				TEST_HOST = "$(BUILT_PRODUCTS_DIR)/One_L170928.app/One_L170928";
			};
			name = Debug;
		};
		280570771F7CCA0E00793DD2 /* Release */ = {
			isa = XCBuildConfiguration;
			buildSettings = {
				BUNDLE_LOADER = "$(TEST_HOST)";
				CODE_SIGN_STYLE = Automatic;
				INFOPLIST_FILE = One_L170928Tests/Info.plist;
				LD_RUNPATH_SEARCH_PATHS = "$(inherited) @executable_path/Frameworks @loader_path/Frameworks";
				PRODUCT_BUNDLE_IDENTIFIER = "com.linyan.One-L170928Tests";
				PRODUCT_NAME = "$(TARGET_NAME)";
				TARGETED_DEVICE_FAMILY = "1,2";
				TEST_HOST = "$(BUILT_PRODUCTS_DIR)/One_L170928.app/One_L170928";
			};
			name = Release;
		};
		280570791F7CCA0E00793DD2 /* Debug */ = {
			isa = XCBuildConfiguration;
			buildSettings = {
				CODE_SIGN_STYLE = Automatic;
				INFOPLIST_FILE = One_L170928UITests/Info.plist;
				LD_RUNPATH_SEARCH_PATHS = "$(inherited) @executable_path/Frameworks @loader_path/Frameworks";
				PRODUCT_BUNDLE_IDENTIFIER = "com.linyan.One-L170928UITests";
				PRODUCT_NAME = "$(TARGET_NAME)";
				TARGETED_DEVICE_FAMILY = "1,2";
				TEST_TARGET_NAME = One_L170928;
			};
			name = Debug;
		};
		2805707A1F7CCA0E00793DD2 /* Release */ = {
			isa = XCBuildConfiguration;
			buildSettings = {
				CODE_SIGN_STYLE = Automatic;
				INFOPLIST_FILE = One_L170928UITests/Info.plist;
				LD_RUNPATH_SEARCH_PATHS = "$(inherited) @executable_path/Frameworks @loader_path/Frameworks";
				PRODUCT_BUNDLE_IDENTIFIER = "com.linyan.One-L170928UITests";
				PRODUCT_NAME = "$(TARGET_NAME)";
				TARGETED_DEVICE_FAMILY = "1,2";
				TEST_TARGET_NAME = One_L170928;
			};
			name = Release;
		};
/* End XCBuildConfiguration section */

/* Begin XCConfigurationList section */
		280570411F7CCA0E00793DD2 /* Build configuration list for PBXProject "One_L170928" */ = {
			isa = XCConfigurationList;
			buildConfigurations = (
				280570701F7CCA0E00793DD2 /* Debug */,
				280570711F7CCA0E00793DD2 /* Release */,
			);
			defaultConfigurationIsVisible = 0;
			defaultConfigurationName = Release;
		};
		280570721F7CCA0E00793DD2 /* Build configuration list for PBXNativeTarget "One_L170928" */ = {
			isa = XCConfigurationList;
			buildConfigurations = (
				280570731F7CCA0E00793DD2 /* Debug */,
				280570741F7CCA0E00793DD2 /* Release */,
			);
			defaultConfigurationIsVisible = 0;
			defaultConfigurationName = Release;
		};
		280570751F7CCA0E00793DD2 /* Build configuration list for PBXNativeTarget "One_L170928Tests" */ = {
			isa = XCConfigurationList;
			buildConfigurations = (
				280570761F7CCA0E00793DD2 /* Debug */,
				280570771F7CCA0E00793DD2 /* Release */,
			);
			defaultConfigurationIsVisible = 0;
			defaultConfigurationName = Release;
		};
		280570781F7CCA0E00793DD2 /* Build configuration list for PBXNativeTarget "One_L170928UITests" */ = {
			isa = XCConfigurationList;
			buildConfigurations = (
				280570791F7CCA0E00793DD2 /* Debug */,
				2805707A1F7CCA0E00793DD2 /* Release */,
			);
			defaultConfigurationIsVisible = 0;
			defaultConfigurationName = Release;
		};
/* End XCConfigurationList section */
	};
	rootObject = 2805703E1F7CCA0E00793DD2 /* Project object */;
}
